
Microsoft Visual Studio Solution File, Format Version 12.00
# Visual Studio Version 17
VisualStudioVersion = 17.6.33815.320
MinimumVisualStudioVersion = 10.0.40219.1
Project("{8BC9CEB8-8B4A-11D0-8D11-00A0C91BC942}") = "PasswordGen", "PasswordGen.vcxproj", "{8DB6B4CD-D984-496F-8D08-4B0B7173060B}"
EndProject
Global
	GlobalSection(SolutionConfigurationPlatforms) = preSolution
		Debug|x64 = Debug|x64
		Debug|x86 = Debug|x86
		Release|x64 = Release|x64
		Release|x86 = Release|x86
	EndGlobalSection
	GlobalSection(ProjectConfigurationPlatforms) = postSolution
		{8DB6B4CD-D984-496F-8D08-4B0B7173060B}.Debug|x64.ActiveCfg = Debug|x64
		{8DB6B4CD-D984-496F-8D08-4B0B7173060B}.Debug|x64.Build.0 = Debug|x64
		{8DB6B4CD-D984-496F-8D08-4B0B7173060B}.Debug|x86.ActiveCfg = Debug|Win32
		{8DB6B4CD-D984-496F-8D08-4B0B7173060B}.Debug|x86.Build.0 = Debug|Win32
		{8DB6B4CD-D984-496F-8D08-4B0B7173060B}.Release|x64.ActiveCfg = Release|x64
		{8DB6B4CD-D984-496F-8D08-4B0B7173060B}.Release|x64.Build.0 = Release|x64
		{8DB6B4CD-D984-496F-8D08-4B0B7173060B}.Release|x86.ActiveCfg = Release|Win32
		{8DB6B4CD-D984-496F-8D08-4B0B7173060B}.Release|x86.Build.0 = Release|Win32
	EndGlobalSection
	GlobalSection(SolutionProperties) = preSolution
		HideSolutionNode = FALSE
	EndGlobalSection
	GlobalSection(ExtensibilityGlobals) = postSolution
		SolutionGuid = {4F88679A-7A41-44FA-9637-902C437B52EA}
	EndGlobalSection
EndGlobal
